# This file is generated by running "yarn install" inside your project.
# Manual changes might be lost - proceed with caution!

__metadata:
  version: 6
  cacheKey: 8

"bar@workspace:bar":
  version: 0.0.0-use.local
  resolution: "bar@workspace:bar"
  dependencies:
    lodash: 4.17.20
    typescript: 4.5.5
  languageName: unknown
  linkType: soft

"foo@workspace:foo":
  version: 0.0.0-use.local
  resolution: "foo@workspace:foo"
  dependencies:
    lodash: 4.17.19
    typescript: 4.5.5
  languageName: unknown
  linkType: soft

"lodash@npm:4.17.19":
  version: 4.17.19
  resolution: "lodash@npm:4.17.19"
  checksum: a5cc77099fae9f0052003e8242b06d7572be7c88cbe5152ddf5a3d97bc795cfaf73f10befeb6e23efac84fae94e2255d398cb371349cb3f878c9792a0213cacd
  languageName: node
  linkType: hard

"lodash@npm:4.17.20":
  version: 4.17.20
  resolution: "lodash@npm:4.17.20"
  checksum: b31afa09739b7292a88ec49ffdb2fcaeb41f690def010f7a067eeedffece32da6b6847bfe4d38a77e6f41778b9b2bca75eeab91209936518173271f0b69376ea
  languageName: node
  linkType: hard

"root-workspace-0b6124@workspace:.":
  version: 0.0.0-use.local
  resolution: "root-workspace-0b6124@workspace:."
  dependencies:
    snyk: ^1.917.0
    typescript: 4.5.5
  languageName: unknown
  linkType: soft

"snyk@npm:^1.917.0":
  version: 1.917.0
  resolution: "snyk@npm:1.917.0"
  bin:
    snyk: bin/snyk
  checksum: d0e882819b4c1728724439752abb1a05f9999bec280cef80b104394ec41ca1ad818a8dcf4d2da899cd44f95ed3a1f9d2047753f7694b232b48ec3e19aa4fe8ad
  languageName: node
  linkType: hard

"typescript@npm:4.5.5":
  version: 4.5.5
  resolution: "typescript@npm:4.5.5"
  bin:
    tsc: bin/tsc
    tsserver: bin/tsserver
  checksum: 506f4c919dc8aeaafa92068c997f1d213b9df4d9756d0fae1a1e7ab66b585ab3498050e236113a1c9e57ee08c21ec6814ca7a7f61378c058d79af50a4b1f5a5e
  languageName: node
  linkType: hard

"typescript@patch:typescript@4.5.5#~builtin<compat/typescript>":
  version: 4.5.5
  resolution: "typescript@patch:typescript@npm%3A4.5.5#~builtin<compat/typescript>::version=4.5.5&hash=bda367"
  bin:
    tsc: bin/tsc
    tsserver: bin/tsserver
  checksum: 858c61fa63f7274ca4aaaffeced854d550bf416cff6e558c4884041b3311fb662f476f167cf5c9f8680c607239797e26a2ee0bcc6467fbc05bfcb218e1c6c671
  languageName: node
  linkType: hard
